// !$*UTF8*$!
{
	archiveVersion = 1;
	classes = {
	};
	objectVersion = 50;
	objects = {

/* Begin PBXBuildFile section */
		071A727BC7074AE430B303FC /* Pods_Audioknigi.framework in Frameworks */ = {isa = PBXBuildFile; fileRef = 61FA63E54F86FC919D3EDC3F /* Pods_Audioknigi.framework */; };
		95023740220075AC00AFE15C /* AudioBooks+CollectionViewDelegate.swift in Sources */ = {isa = PBXBuildFile; fileRef = 9502373F220075AC00AFE15C /* AudioBooks+CollectionViewDelegate.swift */; };
		950237422200760600AFE15C /* AudioBooks+CollectionViewDataSource.swift in Sources */ = {isa = PBXBuildFile; fileRef = 950237412200760600AFE15C /* AudioBooks+CollectionViewDataSource.swift */; };
		9502374622007A4400AFE15C /* EditAudioBook+UIImagePickerDelegate.swift in Sources */ = {isa = PBXBuildFile; fileRef = 9502374522007A4400AFE15C /* EditAudioBook+UIImagePickerDelegate.swift */; };
		9502374922007CCC00AFE15C /* Extension+AVPlayer.swift in Sources */ = {isa = PBXBuildFile; fileRef = 9502374822007CCC00AFE15C /* Extension+AVPlayer.swift */; };
		9502374B22007CD900AFE15C /* Extension+Double.swift in Sources */ = {isa = PBXBuildFile; fileRef = 9502374A22007CD900AFE15C /* Extension+Double.swift */; };
		9502374D22007D1600AFE15C /* Extension+String.swift in Sources */ = {isa = PBXBuildFile; fileRef = 9502374C22007D1600AFE15C /* Extension+String.swift */; };
		950251D621BCDE0D00F1865E /* Notification.swift in Sources */ = {isa = PBXBuildFile; fileRef = 950251D521BCDE0D00F1865E /* Notification.swift */; };
		950641E421ABD55A00994EF5 /* PlayerURL.swift in Sources */ = {isa = PBXBuildFile; fileRef = 950641E321ABD55A00994EF5 /* PlayerURL.swift */; };
		950641E621AC1CA200994EF5 /* AVPlayer.swift in Sources */ = {isa = PBXBuildFile; fileRef = 950641E521AC1CA200994EF5 /* AVPlayer.swift */; };
		9534979021AD3BFE004474AC /* MiniPlayer.swift in Sources */ = {isa = PBXBuildFile; fileRef = 9534978F21AD3BFE004474AC /* MiniPlayer.swift */; };
		95588FD221AAA206001925E9 /* MiniPlayerView.xib in Resources */ = {isa = PBXBuildFile; fileRef = 95588FD121AAA206001925E9 /* MiniPlayerView.xib */; };
		95588FD421AAA235001925E9 /* MiniPlayerView.swift in Sources */ = {isa = PBXBuildFile; fileRef = 95588FD321AAA235001925E9 /* MiniPlayerView.swift */; };
		95588FD621AAAC78001925E9 /* Player.swift in Sources */ = {isa = PBXBuildFile; fileRef = 95588FD521AAAC78001925E9 /* Player.swift */; };
		95588FD821AABF2C001925E9 /* PlayerViewController.swift in Sources */ = {isa = PBXBuildFile; fileRef = 95588FD721AABF2C001925E9 /* PlayerViewController.swift */; };
		956219D421A9216700F49C23 /* AppDelegate.swift in Sources */ = {isa = PBXBuildFile; fileRef = 956219D321A9216700F49C23 /* AppDelegate.swift */; };
		956219D921A9216700F49C23 /* Main.storyboard in Resources */ = {isa = PBXBuildFile; fileRef = 956219D721A9216700F49C23 /* Main.storyboard */; };
		956219DC21A9216700F49C23 /* Audioknigi.xcdatamodeld in Sources */ = {isa = PBXBuildFile; fileRef = 956219DA21A9216700F49C23 /* Audioknigi.xcdatamodeld */; };
		956219DE21A9216900F49C23 /* Assets.xcassets in Resources */ = {isa = PBXBuildFile; fileRef = 956219DD21A9216900F49C23 /* Assets.xcassets */; };
		956219E121A9216900F49C23 /* LaunchScreen.storyboard in Resources */ = {isa = PBXBuildFile; fileRef = 956219DF21A9216900F49C23 /* LaunchScreen.storyboard */; };
		956219E921A9254A00F49C23 /* AudioBookCharter.swift in Sources */ = {isa = PBXBuildFile; fileRef = 956219E821A9254A00F49C23 /* AudioBookCharter.swift */; };
		956219EB21A95BE400F49C23 /* BookPageTableViewController.swift in Sources */ = {isa = PBXBuildFile; fileRef = 956219EA21A95BE400F49C23 /* BookPageTableViewController.swift */; };
		956219F021A9742A00F49C23 /* AudioBookViewCell.xib in Resources */ = {isa = PBXBuildFile; fileRef = 956219EF21A9742A00F49C23 /* AudioBookViewCell.xib */; };
		956219F221A9747400F49C23 /* AudioBookViewCell.swift in Sources */ = {isa = PBXBuildFile; fileRef = 956219F121A9747400F49C23 /* AudioBookViewCell.swift */; };
		956219F421A974A100F49C23 /* AudioBooksCollectionViewController.swift in Sources */ = {isa = PBXBuildFile; fileRef = 956219F321A974A100F49C23 /* AudioBooksCollectionViewController.swift */; };
		956219F621A9751C00F49C23 /* AudioBooks.swift in Sources */ = {isa = PBXBuildFile; fileRef = 956219F521A9751C00F49C23 /* AudioBooks.swift */; };
		95714BB721B2474F00A10A94 /* BookCharter.swift in Sources */ = {isa = PBXBuildFile; fileRef = 95714BB621B2474F00A10A94 /* BookCharter.swift */; };
		957B754A21B6392C00F3B5DB /* EditAudioBookViewController.swift in Sources */ = {isa = PBXBuildFile; fileRef = 957B754921B6392C00F3B5DB /* EditAudioBookViewController.swift */; };
		9593D49A21C50AD500A840DC /* PlayerCover.xib in Resources */ = {isa = PBXBuildFile; fileRef = 9593D49921C50AD500A840DC /* PlayerCover.xib */; };
		9593D49E21C50BDC00A840DC /* PlayerCover.swift in Sources */ = {isa = PBXBuildFile; fileRef = 9593D49D21C50BDC00A840DC /* PlayerCover.swift */; };
		9593D4A021C51CC600A840DC /* PlayerControl.xib in Resources */ = {isa = PBXBuildFile; fileRef = 9593D49F21C51CC600A840DC /* PlayerControl.xib */; };
		9593D4A221C51DDF00A840DC /* PlayerControl.swift in Sources */ = {isa = PBXBuildFile; fileRef = 9593D4A121C51DDF00A840DC /* PlayerControl.swift */; };
		95B866ED21BBA65200807F7E /* EditCharterViewController.swift in Sources */ = {isa = PBXBuildFile; fileRef = 95B866EC21BBA65200807F7E /* EditCharterViewController.swift */; };
		95E8459421CA3D1B0063CDAA /* Localizable.strings in Resources */ = {isa = PBXBuildFile; fileRef = 95E8459621CA3D1B0063CDAA /* Localizable.strings */; };
		95E8459A21CA40E90063CDAA /* InfoPlist.strings in Resources */ = {isa = PBXBuildFile; fileRef = 95E8459C21CA40E90063CDAA /* InfoPlist.strings */; };
/* End PBXBuildFile section */

/* Begin PBXFileReference section */
		12146830F1234AC7D79B3C0C /* Pods-Audioknigi.release.xcconfig */ = {isa = PBXFileReference; includeInIndex = 1; lastKnownFileType = text.xcconfig; name = "Pods-Audioknigi.release.xcconfig"; path = "Pods/Target Support Files/Pods-Audioknigi/Pods-Audioknigi.release.xcconfig"; sourceTree = "<group>"; };
		61FA63E54F86FC919D3EDC3F /* Pods_Audioknigi.framework */ = {isa = PBXFileReference; explicitFileType = wrapper.framework; includeInIndex = 0; path = Pods_Audioknigi.framework; sourceTree = BUILT_PRODUCTS_DIR; };
		9502373F220075AC00AFE15C /* AudioBooks+CollectionViewDelegate.swift */ = {isa = PBXFileReference; lastKnownFileType = sourcecode.swift; path = "AudioBooks+CollectionViewDelegate.swift"; sourceTree = "<group>"; };
		950237412200760600AFE15C /* AudioBooks+CollectionViewDataSource.swift */ = {isa = PBXFileReference; lastKnownFileType = sourcecode.swift; path = "AudioBooks+CollectionViewDataSource.swift"; sourceTree = "<group>"; };
		9502374522007A4400AFE15C /* EditAudioBook+UIImagePickerDelegate.swift */ = {isa = PBXFileReference; lastKnownFileType = sourcecode.swift; path = "EditAudioBook+UIImagePickerDelegate.swift"; sourceTree = "<group>"; };
		9502374822007CCC00AFE15C /* Extension+AVPlayer.swift */ = {isa = PBXFileReference; lastKnownFileType = sourcecode.swift; path = "Extension+AVPlayer.swift"; sourceTree = "<group>"; };
		9502374A22007CD900AFE15C /* Extension+Double.swift */ = {isa = PBXFileReference; lastKnownFileType = sourcecode.swift; path = "Extension+Double.swift"; sourceTree = "<group>"; };
		9502374C22007D1600AFE15C /* Extension+String.swift */ = {isa = PBXFileReference; lastKnownFileType = sourcecode.swift; path = "Extension+String.swift"; sourceTree = "<group>"; };
		950251D521BCDE0D00F1865E /* Notification.swift */ = {isa = PBXFileReference; lastKnownFileType = sourcecode.swift; path = Notification.swift; sourceTree = "<group>"; };
		950641E321ABD55A00994EF5 /* PlayerURL.swift */ = {isa = PBXFileReference; lastKnownFileType = sourcecode.swift; path = PlayerURL.swift; sourceTree = "<group>"; };
		950641E521AC1CA200994EF5 /* AVPlayer.swift */ = {isa = PBXFileReference; lastKnownFileType = sourcecode.swift; path = AVPlayer.swift; sourceTree = "<group>"; };
		9521ACAE21B5586300E14CC4 /* Audioknigi.entitlements */ = {isa = PBXFileReference; lastKnownFileType = text.plist.entitlements; path = Audioknigi.entitlements; sourceTree = "<group>"; };
		9534978F21AD3BFE004474AC /* MiniPlayer.swift */ = {isa = PBXFileReference; lastKnownFileType = sourcecode.swift; path = MiniPlayer.swift; sourceTree = "<group>"; };
		95588FD121AAA206001925E9 /* MiniPlayerView.xib */ = {isa = PBXFileReference; lastKnownFileType = file.xib; path = MiniPlayerView.xib; sourceTree = "<group>"; };
		95588FD321AAA235001925E9 /* MiniPlayerView.swift */ = {isa = PBXFileReference; lastKnownFileType = sourcecode.swift; path = MiniPlayerView.swift; sourceTree = "<group>"; };
		95588FD521AAAC78001925E9 /* Player.swift */ = {isa = PBXFileReference; lastKnownFileType = sourcecode.swift; path = Player.swift; sourceTree = "<group>"; };
		95588FD721AABF2C001925E9 /* PlayerViewController.swift */ = {isa = PBXFileReference; lastKnownFileType = sourcecode.swift; path = PlayerViewController.swift; sourceTree = "<group>"; };
		956219D021A9216700F49C23 /* Audioknigi.app */ = {isa = PBXFileReference; explicitFileType = wrapper.application; includeInIndex = 0; path = Audioknigi.app; sourceTree = BUILT_PRODUCTS_DIR; };
		956219D321A9216700F49C23 /* AppDelegate.swift */ = {isa = PBXFileReference; lastKnownFileType = sourcecode.swift; path = AppDelegate.swift; sourceTree = "<group>"; };
		956219D821A9216700F49C23 /* Base */ = {isa = PBXFileReference; lastKnownFileType = file.storyboard; name = Base; path = Base.lproj/Main.storyboard; sourceTree = "<group>"; };
		956219DB21A9216700F49C23 /* Audioknigi.xcdatamodel */ = {isa = PBXFileReference; lastKnownFileType = wrapper.xcdatamodel; path = Audioknigi.xcdatamodel; sourceTree = "<group>"; };
		956219DD21A9216900F49C23 /* Assets.xcassets */ = {isa = PBXFileReference; lastKnownFileType = folder.assetcatalog; path = Assets.xcassets; sourceTree = "<group>"; };
		956219E021A9216900F49C23 /* Base */ = {isa = PBXFileReference; lastKnownFileType = file.storyboard; name = Base; path = Base.lproj/LaunchScreen.storyboard; sourceTree = "<group>"; };
		956219E221A9216900F49C23 /* Info.plist */ = {isa = PBXFileReference; lastKnownFileType = text.plist.xml; path = Info.plist; sourceTree = "<group>"; };
		956219E821A9254A00F49C23 /* AudioBookCharter.swift */ = {isa = PBXFileReference; lastKnownFileType = sourcecode.swift; path = AudioBookCharter.swift; sourceTree = "<group>"; };
		956219EA21A95BE400F49C23 /* BookPageTableViewController.swift */ = {isa = PBXFileReference; lastKnownFileType = sourcecode.swift; path = BookPageTableViewController.swift; sourceTree = "<group>"; };
		956219EF21A9742A00F49C23 /* AudioBookViewCell.xib */ = {isa = PBXFileReference; lastKnownFileType = file.xib; path = AudioBookViewCell.xib; sourceTree = "<group>"; };
		956219F121A9747400F49C23 /* AudioBookViewCell.swift */ = {isa = PBXFileReference; lastKnownFileType = sourcecode.swift; path = AudioBookViewCell.swift; sourceTree = "<group>"; };
		956219F321A974A100F49C23 /* AudioBooksCollectionViewController.swift */ = {isa = PBXFileReference; lastKnownFileType = sourcecode.swift; path = AudioBooksCollectionViewController.swift; sourceTree = "<group>"; };
		956219F521A9751C00F49C23 /* AudioBooks.swift */ = {isa = PBXFileReference; lastKnownFileType = sourcecode.swift; path = AudioBooks.swift; sourceTree = "<group>"; };
		95714BB621B2474F00A10A94 /* BookCharter.swift */ = {isa = PBXFileReference; lastKnownFileType = sourcecode.swift; path = BookCharter.swift; sourceTree = "<group>"; };
		957B754921B6392C00F3B5DB /* EditAudioBookViewController.swift */ = {isa = PBXFileReference; lastKnownFileType = sourcecode.swift; path = EditAudioBookViewController.swift; sourceTree = "<group>"; };
		9593D49921C50AD500A840DC /* PlayerCover.xib */ = {isa = PBXFileReference; lastKnownFileType = file.xib; path = PlayerCover.xib; sourceTree = "<group>"; };
		9593D49D21C50BDC00A840DC /* PlayerCover.swift */ = {isa = PBXFileReference; lastKnownFileType = sourcecode.swift; path = PlayerCover.swift; sourceTree = "<group>"; };
		9593D49F21C51CC600A840DC /* PlayerControl.xib */ = {isa = PBXFileReference; lastKnownFileType = file.xib; path = PlayerControl.xib; sourceTree = "<group>"; };
		9593D4A121C51DDF00A840DC /* PlayerControl.swift */ = {isa = PBXFileReference; lastKnownFileType = sourcecode.swift; path = PlayerControl.swift; sourceTree = "<group>"; };
		95B866EC21BBA65200807F7E /* EditCharterViewController.swift */ = {isa = PBXFileReference; lastKnownFileType = sourcecode.swift; path = EditCharterViewController.swift; sourceTree = "<group>"; };
		95E8458B21CA3CD20063CDAA /* ru */ = {isa = PBXFileReference; lastKnownFileType = text.plist.strings; name = ru; path = ru.lproj/Main.strings; sourceTree = "<group>"; };
		95E8458C21CA3CD20063CDAA /* ru */ = {isa = PBXFileReference; lastKnownFileType = text.plist.strings; name = ru; path = ru.lproj/LaunchScreen.strings; sourceTree = "<group>"; };
		95E8459721CA3D220063CDAA /* ru */ = {isa = PBXFileReference; lastKnownFileType = text.plist.strings; name = ru; path = ru.lproj/Localizable.strings; sourceTree = "<group>"; };
		95E8459B21CA40E90063CDAA /* en */ = {isa = PBXFileReference; lastKnownFileType = text.plist.strings; name = en; path = en.lproj/InfoPlist.strings; sourceTree = "<group>"; };
		95E8459D21CA40F30063CDAA /* ru */ = {isa = PBXFileReference; lastKnownFileType = text.plist.strings; name = ru; path = ru.lproj/InfoPlist.strings; sourceTree = "<group>"; };
		BE06174EFA68229DCBE38F4B /* Pods-Audioknigi.debug.xcconfig */ = {isa = PBXFileReference; includeInIndex = 1; lastKnownFileType = text.xcconfig; name = "Pods-Audioknigi.debug.xcconfig"; path = "Pods/Target Support Files/Pods-Audioknigi/Pods-Audioknigi.debug.xcconfig"; sourceTree = "<group>"; };
/* End PBXFileReference section */

/* Begin PBXFrameworksBuildPhase section */
		956219CD21A9216700F49C23 /* Frameworks */ = {
			isa = PBXFrameworksBuildPhase;
			buildActionMask = 2147483647;
			files = (
				071A727BC7074AE430B303FC /* Pods_Audioknigi.framework in Frameworks */,
			);
			runOnlyForDeploymentPostprocessing = 0;
		};
/* End PBXFrameworksBuildPhase section */

/* Begin PBXGroup section */
		950237392200755000AFE15C /* MiniPlayer */ = {
			isa = PBXGroup;
			children = (
				95588FD121AAA206001925E9 /* MiniPlayerView.xib */,
				95588FD321AAA235001925E9 /* MiniPlayerView.swift */,
			);
			path = MiniPlayer;
			sourceTree = "<group>";
		};
		9502373A2200755D00AFE15C /* AudioBookViewCell */ = {
			isa = PBXGroup;
			children = (
				956219EF21A9742A00F49C23 /* AudioBookViewCell.xib */,
				956219F121A9747400F49C23 /* AudioBookViewCell.swift */,
			);
			path = AudioBookViewCell;
			sourceTree = "<group>";
		};
		9502373B2200756B00AFE15C /* PlayerCover */ = {
			isa = PBXGroup;
			children = (
				9593D49921C50AD500A840DC /* PlayerCover.xib */,
				9593D49D21C50BDC00A840DC /* PlayerCover.swift */,
			);
			path = PlayerCover;
			sourceTree = "<group>";
		};
		9502373C2200757500AFE15C /* PlayerControl */ = {
			isa = PBXGroup;
			children = (
				9593D49F21C51CC600A840DC /* PlayerControl.xib */,
				9593D4A121C51DDF00A840DC /* PlayerControl.swift */,
			);
			path = PlayerControl;
			sourceTree = "<group>";
		};
		9502373D2200758700AFE15C /* AudioBooksCollection */ = {
			isa = PBXGroup;
			children = (
				956219F321A974A100F49C23 /* AudioBooksCollectionViewController.swift */,
				9502373E2200759300AFE15C /* Extensions */,
			);
			path = AudioBooksCollection;
			sourceTree = "<group>";
		};
		9502373E2200759300AFE15C /* Extensions */ = {
			isa = PBXGroup;
			children = (
				9502373F220075AC00AFE15C /* AudioBooks+CollectionViewDelegate.swift */,
				950237412200760600AFE15C /* AudioBooks+CollectionViewDataSource.swift */,
			);
			path = Extensions;
			sourceTree = "<group>";
		};
		9502374322007A2300AFE15C /* EditAudioBook */ = {
			isa = PBXGroup;
			children = (
				957B754921B6392C00F3B5DB /* EditAudioBookViewController.swift */,
				9502374422007A2700AFE15C /* Extensions */,
			);
			path = EditAudioBook;
			sourceTree = "<group>";
		};
		9502374422007A2700AFE15C /* Extensions */ = {
			isa = PBXGroup;
			children = (
				9502374522007A4400AFE15C /* EditAudioBook+UIImagePickerDelegate.swift */,
			);
			path = Extensions;
			sourceTree = "<group>";
		};
		9502374722007CBA00AFE15C /* Extensions */ = {
			isa = PBXGroup;
			children = (
				9502374822007CCC00AFE15C /* Extension+AVPlayer.swift */,
				9502374A22007CD900AFE15C /* Extension+Double.swift */,
				9502374C22007D1600AFE15C /* Extension+String.swift */,
			);
			path = Extensions;
			sourceTree = "<group>";
		};
		956219C721A9216700F49C23 = {
			isa = PBXGroup;
			children = (
				956219D221A9216700F49C23 /* Audioknigi */,
				956219D121A9216700F49C23 /* Products */,
				ACDF5AC4D6288E5465113723 /* Pods */,
				E193AA2BFCE774AD1A166009 /* Frameworks */,
			);
			sourceTree = "<group>";
		};
		956219D121A9216700F49C23 /* Products */ = {
			isa = PBXGroup;
			children = (
				956219D021A9216700F49C23 /* Audioknigi.app */,
			);
			name = Products;
			sourceTree = "<group>";
		};
		956219D221A9216700F49C23 /* Audioknigi */ = {
			isa = PBXGroup;
			children = (
				9502374722007CBA00AFE15C /* Extensions */,
				9521ACAE21B5586300E14CC4 /* Audioknigi.entitlements */,
				956219EC21A95C2300F49C23 /* Model */,
				956219ED21A95C2700F49C23 /* View */,
				956219EE21A95C2B00F49C23 /* SupportedFiles */,
				956219D321A9216700F49C23 /* AppDelegate.swift */,
				956219E221A9216900F49C23 /* Info.plist */,
				95E8459C21CA40E90063CDAA /* InfoPlist.strings */,
			);
			path = Audioknigi;
			sourceTree = "<group>";
		};
		956219EC21A95C2300F49C23 /* Model */ = {
			isa = PBXGroup;
			children = (
				95714BB421B240E300A10A94 /* Server */,
				95714BB521B2410A00A10A94 /* CoreData */,
				950641E521AC1CA200994EF5 /* AVPlayer.swift */,
				9534978F21AD3BFE004474AC /* MiniPlayer.swift */,
				950251D521BCDE0D00F1865E /* Notification.swift */,
			);
			path = Model;
			sourceTree = "<group>";
		};
		956219ED21A95C2700F49C23 /* View */ = {
			isa = PBXGroup;
			children = (
				956219D721A9216700F49C23 /* Main.storyboard */,
				956219EA21A95BE400F49C23 /* BookPageTableViewController.swift */,
				9502373A2200755D00AFE15C /* AudioBookViewCell */,
				9502373D2200758700AFE15C /* AudioBooksCollection */,
				950237392200755000AFE15C /* MiniPlayer */,
				95588FD721AABF2C001925E9 /* PlayerViewController.swift */,
				9502374322007A2300AFE15C /* EditAudioBook */,
				95B866EC21BBA65200807F7E /* EditCharterViewController.swift */,
				9502373B2200756B00AFE15C /* PlayerCover */,
				9502373C2200757500AFE15C /* PlayerControl */,
			);
			path = View;
			sourceTree = "<group>";
		};
		956219EE21A95C2B00F49C23 /* SupportedFiles */ = {
			isa = PBXGroup;
			children = (
				956219DD21A9216900F49C23 /* Assets.xcassets */,
				956219DF21A9216900F49C23 /* LaunchScreen.storyboard */,
				956219DA21A9216700F49C23 /* Audioknigi.xcdatamodeld */,
				95E8459621CA3D1B0063CDAA /* Localizable.strings */,
			);
			path = SupportedFiles;
			sourceTree = "<group>";
		};
		95714BB421B240E300A10A94 /* Server */ = {
			isa = PBXGroup;
			children = (
				956219E821A9254A00F49C23 /* AudioBookCharter.swift */,
				950641E321ABD55A00994EF5 /* PlayerURL.swift */,
			);
			path = Server;
			sourceTree = "<group>";
		};
		95714BB521B2410A00A10A94 /* CoreData */ = {
			isa = PBXGroup;
			children = (
				956219F521A9751C00F49C23 /* AudioBooks.swift */,
				95588FD521AAAC78001925E9 /* Player.swift */,
				95714BB621B2474F00A10A94 /* BookCharter.swift */,
			);
			path = CoreData;
			sourceTree = "<group>";
		};
		ACDF5AC4D6288E5465113723 /* Pods */ = {
			isa = PBXGroup;
			children = (
				BE06174EFA68229DCBE38F4B /* Pods-Audioknigi.debug.xcconfig */,
				12146830F1234AC7D79B3C0C /* Pods-Audioknigi.release.xcconfig */,
			);
			name = Pods;
			sourceTree = "<group>";
		};
		E193AA2BFCE774AD1A166009 /* Frameworks */ = {
			isa = PBXGroup;
			children = (
				61FA63E54F86FC919D3EDC3F /* Pods_Audioknigi.framework */,
			);
			name = Frameworks;
			sourceTree = "<group>";
		};
/* End PBXGroup section */

/* Begin PBXNativeTarget section */
		956219CF21A9216700F49C23 /* Audioknigi */ = {
			isa = PBXNativeTarget;
			buildConfigurationList = 956219E521A9216900F49C23 /* Build configuration list for PBXNativeTarget "Audioknigi" */;
			buildPhases = (
				63B1D79CE10FC699A16B424E /* [CP] Check Pods Manifest.lock */,
				956219CC21A9216700F49C23 /* Sources */,
				956219CD21A9216700F49C23 /* Frameworks */,
				956219CE21A9216700F49C23 /* Resources */,
				9B31E20A701249CD42A93860 /* [CP] Embed Pods Frameworks */,
			);
			buildRules = (
			);
			dependencies = (
			);
			name = Audioknigi;
			productName = Audioknigi;
			productReference = 956219D021A9216700F49C23 /* Audioknigi.app */;
			productType = "com.apple.product-type.application";
		};
/* End PBXNativeTarget section */

/* Begin PBXProject section */
		956219C821A9216700F49C23 /* Project object */ = {
			isa = PBXProject;
			attributes = {
				LastSwiftUpdateCheck = 1010;
				LastUpgradeCheck = 1010;
				ORGANIZATIONNAME = "Pavel Moslienko";
				TargetAttributes = {
					956219CF21A9216700F49C23 = {
						CreatedOnToolsVersion = 10.1;
						SystemCapabilities = {
							com.apple.ApplicationGroups.iOS = {
								enabled = 1;
							};
							com.apple.BackgroundModes = {
								enabled = 1;
							};
						};
					};
				};
			};
			buildConfigurationList = 956219CB21A9216700F49C23 /* Build configuration list for PBXProject "Audioknigi" */;
			compatibilityVersion = "Xcode 9.3";
			developmentRegion = en;
			hasScannedForEncodings = 0;
			knownRegions = (
				en,
				Base,
				ru,
			);
			mainGroup = 956219C721A9216700F49C23;
			productRefGroup = 956219D121A9216700F49C23 /* Products */;
			projectDirPath = "";
			projectRoot = "";
			targets = (
				956219CF21A9216700F49C23 /* Audioknigi */,
			);
		};
/* End PBXProject section */

/* Begin PBXResourcesBuildPhase section */
		956219CE21A9216700F49C23 /* Resources */ = {
			isa = PBXResourcesBuildPhase;
			buildActionMask = 2147483647;
			files = (
				95588FD221AAA206001925E9 /* MiniPlayerView.xib in Resources */,
				956219E121A9216900F49C23 /* LaunchScreen.storyboard in Resources */,
				956219DE21A9216900F49C23 /* Assets.xcassets in Resources */,
				956219F021A9742A00F49C23 /* AudioBookViewCell.xib in Resources */,
				9593D4A021C51CC600A840DC /* PlayerControl.xib in Resources */,
				95E8459421CA3D1B0063CDAA /* Localizable.strings in Resources */,
				9593D49A21C50AD500A840DC /* PlayerCover.xib in Resources */,
				95E8459A21CA40E90063CDAA /* InfoPlist.strings in Resources */,
				956219D921A9216700F49C23 /* Main.storyboard in Resources */,
			);
			runOnlyForDeploymentPostprocessing = 0;
		};
/* End PBXResourcesBuildPhase section */

/* Begin PBXShellScriptBuildPhase section */
		63B1D79CE10FC699A16B424E /* [CP] Check Pods Manifest.lock */ = {
			isa = PBXShellScriptBuildPhase;
			buildActionMask = 2147483647;
			files = (
			);
			inputPaths = (
				"${PODS_PODFILE_DIR_PATH}/Podfile.lock",
				"${PODS_ROOT}/Manifest.lock",
			);
			name = "[CP] Check Pods Manifest.lock";
			outputPaths = (
				"$(DERIVED_FILE_DIR)/Pods-Audioknigi-checkManifestLockResult.txt",
			);
			runOnlyForDeploymentPostprocessing = 0;
			shellPath = /bin/sh;
			shellScript = "diff \"${PODS_PODFILE_DIR_PATH}/Podfile.lock\" \"${PODS_ROOT}/Manifest.lock\" > /dev/null\nif [ $? != 0 ] ; then\n    # print error to STDERR\n    echo \"error: The sandbox is not in sync with the Podfile.lock. Run 'pod install' or update your CocoaPods installation.\" >&2\n    exit 1\nfi\n# This output is used by Xcode 'outputs' to avoid re-running this script phase.\necho \"SUCCESS\" > \"${SCRIPT_OUTPUT_FILE_0}\"\n";
			showEnvVarsInLog = 0;
		};
		9B31E20A701249CD42A93860 /* [CP] Embed Pods Frameworks */ = {
			isa = PBXShellScriptBuildPhase;
			buildActionMask = 2147483647;
			files = (
			);
			inputPaths = (
				"${SRCROOT}/Pods/Target Support Files/Pods-Audioknigi/Pods-Audioknigi-frameworks.sh",
				"${BUILT_PRODUCTS_DIR}/ShadowImageView/ShadowImageView.framework",
				"${BUILT_PRODUCTS_DIR}/SwiftSoup/SwiftSoup.framework",
				"${BUILT_PRODUCTS_DIR}/Toast-Swift/Toast_Swift.framework",
			);
			name = "[CP] Embed Pods Frameworks";
			outputPaths = (
				"${TARGET_BUILD_DIR}/${FRAMEWORKS_FOLDER_PATH}/ShadowImageView.framework",
				"${TARGET_BUILD_DIR}/${FRAMEWORKS_FOLDER_PATH}/SwiftSoup.framework",
				"${TARGET_BUILD_DIR}/${FRAMEWORKS_FOLDER_PATH}/Toast_Swift.framework",
			);
			runOnlyForDeploymentPostprocessing = 0;
			shellPath = /bin/sh;
			shellScript = "\"${SRCROOT}/Pods/Target Support Files/Pods-Audioknigi/Pods-Audioknigi-frameworks.sh\"\n";
			showEnvVarsInLog = 0;
		};
/* End PBXShellScriptBuildPhase section */

/* Begin PBXSourcesBuildPhase section */
		956219CC21A9216700F49C23 /* Sources */ = {
			isa = PBXSourcesBuildPhase;
			buildActionMask = 2147483647;
			files = (
				9502374D22007D1600AFE15C /* Extension+String.swift in Sources */,
				956219EB21A95BE400F49C23 /* BookPageTableViewController.swift in Sources */,
				956219F221A9747400F49C23 /* AudioBookViewCell.swift in Sources */,
				9502374622007A4400AFE15C /* EditAudioBook+UIImagePickerDelegate.swift in Sources */,
				956219DC21A9216700F49C23 /* Audioknigi.xcdatamodeld in Sources */,
				950237422200760600AFE15C /* AudioBooks+CollectionViewDataSource.swift in Sources */,
				956219D421A9216700F49C23 /* AppDelegate.swift in Sources */,
				95588FD421AAA235001925E9 /* MiniPlayerView.swift in Sources */,
				950641E621AC1CA200994EF5 /* AVPlayer.swift in Sources */,
				9502374B22007CD900AFE15C /* Extension+Double.swift in Sources */,
				9593D49E21C50BDC00A840DC /* PlayerCover.swift in Sources */,
				9534979021AD3BFE004474AC /* MiniPlayer.swift in Sources */,
				950641E421ABD55A00994EF5 /* PlayerURL.swift in Sources */,
				95B866ED21BBA65200807F7E /* EditCharterViewController.swift in Sources */,
				95023740220075AC00AFE15C /* AudioBooks+CollectionViewDelegate.swift in Sources */,
				956219F421A974A100F49C23 /* AudioBooksCollectionViewController.swift in Sources */,
				9502374922007CCC00AFE15C /* Extension+AVPlayer.swift in Sources */,
				956219E921A9254A00F49C23 /* AudioBookCharter.swift in Sources */,
				95588FD621AAAC78001925E9 /* Player.swift in Sources */,
				956219F621A9751C00F49C23 /* AudioBooks.swift in Sources */,
				957B754A21B6392C00F3B5DB /* EditAudioBookViewController.swift in Sources */,
				95714BB721B2474F00A10A94 /* BookCharter.swift in Sources */,
				95588FD821AABF2C001925E9 /* PlayerViewController.swift in Sources */,
				950251D621BCDE0D00F1865E /* Notification.swift in Sources */,
				9593D4A221C51DDF00A840DC /* PlayerControl.swift in Sources */,
			);
			runOnlyForDeploymentPostprocessing = 0;
		};
/* End PBXSourcesBuildPhase section */

/* Begin PBXVariantGroup section */
		956219D721A9216700F49C23 /* Main.storyboard */ = {
			isa = PBXVariantGroup;
			children = (
				956219D821A9216700F49C23 /* Base */,
				95E8458B21CA3CD20063CDAA /* ru */,
			);
			name = Main.storyboard;
			sourceTree = "<group>";
		};
		956219DF21A9216900F49C23 /* LaunchScreen.storyboard */ = {
			isa = PBXVariantGroup;
			children = (
				956219E021A9216900F49C23 /* Base */,
				95E8458C21CA3CD20063CDAA /* ru */,
			);
			name = LaunchScreen.storyboard;
			sourceTree = "<group>";
		};
		95E8459621CA3D1B0063CDAA /* Localizable.strings */ = {
			isa = PBXVariantGroup;
			children = (
				95E8459721CA3D220063CDAA /* ru */,
			);
			name = Localizable.strings;
			sourceTree = "<group>";
		};
		95E8459C21CA40E90063CDAA /* InfoPlist.strings */ = {
			isa = PBXVariantGroup;
			children = (
				95E8459B21CA40E90063CDAA /* en */,
				95E8459D21CA40F30063CDAA /* ru */,
			);
			name = InfoPlist.strings;
			sourceTree = "<group>";
		};
/* End PBXVariantGroup section */

/* Begin XCBuildConfiguration section */
		956219E321A9216900F49C23 /* Debug */ = {
			isa = XCBuildConfiguration;
			buildSettings = {
				ALWAYS_SEARCH_USER_PATHS = NO;
				CLANG_ANALYZER_LOCALIZABILITY_NONLOCALIZED = YES;
				CLANG_ANALYZER_NONNULL = YES;
				CLANG_ANALYZER_NUMBER_OBJECT_CONVERSION = YES_AGGRESSIVE;
				CLANG_CXX_LANGUAGE_STANDARD = "gnu++14";
				CLANG_CXX_LIBRARY = "libc++";
				CLANG_ENABLE_MODULES = YES;
				CLANG_ENABLE_OBJC_ARC = YES;
				CLANG_ENABLE_OBJC_WEAK = YES;
				CLANG_WARN_BLOCK_CAPTURE_AUTORELEASING = YES;
				CLANG_WARN_BOOL_CONVERSION = YES;
				CLANG_WARN_COMMA = YES;
				CLANG_WARN_CONSTANT_CONVERSION = YES;
				CLANG_WARN_DEPRECATED_OBJC_IMPLEMENTATIONS = YES;
				CLANG_WARN_DIRECT_OBJC_ISA_USAGE = YES_ERROR;
				CLANG_WARN_DOCUMENTATION_COMMENTS = YES;
				CLANG_WARN_EMPTY_BODY = YES;
				CLANG_WARN_ENUM_CONVERSION = YES;
				CLANG_WARN_INFINITE_RECURSION = YES;
				CLANG_WARN_INT_CONVERSION = YES;
				CLANG_WARN_NON_LITERAL_NULL_CONVERSION = YES;
				CLANG_WARN_OBJC_IMPLICIT_RETAIN_SELF = YES;
				CLANG_WARN_OBJC_LITERAL_CONVERSION = YES;
				CLANG_WARN_OBJC_ROOT_CLASS = YES_ERROR;
				CLANG_WARN_RANGE_LOOP_ANALYSIS = YES;
				CLANG_WARN_STRICT_PROTOTYPES = YES;
				CLANG_WARN_SUSPICIOUS_MOVE = YES;
				CLANG_WARN_UNGUARDED_AVAILABILITY = YES_AGGRESSIVE;
				CLANG_WARN_UNREACHABLE_CODE = YES;
				CLANG_WARN__DUPLICATE_METHOD_MATCH = YES;
				CODE_SIGN_IDENTITY = "iPhone Developer";
				COPY_PHASE_STRIP = NO;
				DEBUG_INFORMATION_FORMAT = dwarf;
				ENABLE_STRICT_OBJC_MSGSEND = YES;
				ENABLE_TESTABILITY = YES;
				GCC_C_LANGUAGE_STANDARD = gnu11;
				GCC_DYNAMIC_NO_PIC = NO;
				GCC_NO_COMMON_BLOCKS = YES;
				GCC_OPTIMIZATION_LEVEL = 0;
				GCC_PREPROCESSOR_DEFINITIONS = (
					"DEBUG=1",
					"$(inherited)",
				);
				GCC_WARN_64_TO_32_BIT_CONVERSION = YES;
				GCC_WARN_ABOUT_RETURN_TYPE = YES_ERROR;
				GCC_WARN_UNDECLARED_SELECTOR = YES;
				GCC_WARN_UNINITIALIZED_AUTOS = YES_AGGRESSIVE;
				GCC_WARN_UNUSED_FUNCTION = YES;
				GCC_WARN_UNUSED_VARIABLE = YES;
				IPHONEOS_DEPLOYMENT_TARGET = 12.1;
				MTL_ENABLE_DEBUG_INFO = INCLUDE_SOURCE;
				MTL_FAST_MATH = YES;
				ONLY_ACTIVE_ARCH = YES;
				SDKROOT = iphoneos;
				SWIFT_ACTIVE_COMPILATION_CONDITIONS = DEBUG;
				SWIFT_OPTIMIZATION_LEVEL = "-Onone";
			};
			name = Debug;
		};
		956219E421A9216900F49C23 /* Release */ = {
			isa = XCBuildConfiguration;
			buildSettings = {
				ALWAYS_SEARCH_USER_PATHS = NO;
				CLANG_ANALYZER_LOCALIZABILITY_NONLOCALIZED = YES;
				CLANG_ANALYZER_NONNULL = YES;
				CLANG_ANALYZER_NUMBER_OBJECT_CONVERSION = YES_AGGRESSIVE;
				CLANG_CXX_LANGUAGE_STANDARD = "gnu++14";
				CLANG_CXX_LIBRARY = "libc++";
				CLANG_ENABLE_MODULES = YES;
				CLANG_ENABLE_OBJC_ARC = YES;
				CLANG_ENABLE_OBJC_WEAK = YES;
				CLANG_WARN_BLOCK_CAPTURE_AUTORELEASING = YES;
				CLANG_WARN_BOOL_CONVERSION = YES;
				CLANG_WARN_COMMA = YES;
				CLANG_WARN_CONSTANT_CONVERSION = YES;
				CLANG_WARN_DEPRECATED_OBJC_IMPLEMENTATIONS = YES;
				CLANG_WARN_DIRECT_OBJC_ISA_USAGE = YES_ERROR;
				CLANG_WARN_DOCUMENTATION_COMMENTS = YES;
				CLANG_WARN_EMPTY_BODY = YES;
				CLANG_WARN_ENUM_CONVERSION = YES;
				CLANG_WARN_INFINITE_RECURSION = YES;
				CLANG_WARN_INT_CONVERSION = YES;
				CLANG_WARN_NON_LITERAL_NULL_CONVERSION = YES;
				CLANG_WARN_OBJC_IMPLICIT_RETAIN_SELF = YES;
				CLANG_WARN_OBJC_LITERAL_CONVERSION = YES;
				CLANG_WARN_OBJC_ROOT_CLASS = YES_ERROR;
				CLANG_WARN_RANGE_LOOP_ANALYSIS = YES;
				CLANG_WARN_STRICT_PROTOTYPES = YES;
				CLANG_WARN_SUSPICIOUS_MOVE = YES;
				CLANG_WARN_UNGUARDED_AVAILABILITY = YES_AGGRESSIVE;
				CLANG_WARN_UNREACHABLE_CODE = YES;
				CLANG_WARN__DUPLICATE_METHOD_MATCH = YES;
				CODE_SIGN_IDENTITY = "iPhone Developer";
				COPY_PHASE_STRIP = NO;
				DEBUG_INFORMATION_FORMAT = "dwarf-with-dsym";
				ENABLE_NS_ASSERTIONS = NO;
				ENABLE_STRICT_OBJC_MSGSEND = YES;
				GCC_C_LANGUAGE_STANDARD = gnu11;
				GCC_NO_COMMON_BLOCKS = YES;
				GCC_WARN_64_TO_32_BIT_CONVERSION = YES;
				GCC_WARN_ABOUT_RETURN_TYPE = YES_ERROR;
				GCC_WARN_UNDECLARED_SELECTOR = YES;
				GCC_WARN_UNINITIALIZED_AUTOS = YES_AGGRESSIVE;
				GCC_WARN_UNUSED_FUNCTION = YES;
				GCC_WARN_UNUSED_VARIABLE = YES;
				IPHONEOS_DEPLOYMENT_TARGET = 12.1;
				MTL_ENABLE_DEBUG_INFO = NO;
				MTL_FAST_MATH = YES;
				SDKROOT = iphoneos;
				SWIFT_COMPILATION_MODE = wholemodule;
				SWIFT_OPTIMIZATION_LEVEL = "-O";
				VALIDATE_PRODUCT = YES;
			};
			name = Release;
		};
		956219E621A9216900F49C23 /* Debug */ = {
			isa = XCBuildConfiguration;
			baseConfigurationReference = BE06174EFA68229DCBE38F4B /* Pods-Audioknigi.debug.xcconfig */;
			buildSettings = {
				ASSETCATALOG_COMPILER_APPICON_NAME = AppIcon;
				CODE_SIGN_ENTITLEMENTS = Audioknigi/Audioknigi.entitlements;
				CODE_SIGN_STYLE = Automatic;
				DEVELOPMENT_TEAM = CVFSZXK7VF;
				INFOPLIST_FILE = Audioknigi/Info.plist;
				IPHONEOS_DEPLOYMENT_TARGET = 11.1;
				LD_RUNPATH_SEARCH_PATHS = (
					"$(inherited)",
					"@executable_path/Frameworks",
				);
				PRODUCT_BUNDLE_IDENTIFIER = moslienko.Audioknigi;
				PRODUCT_NAME = "$(TARGET_NAME)";
				SWIFT_VERSION = 4.2;
				TARGETED_DEVICE_FAMILY = "1,2";
			};
			name = Debug;
		};
		956219E721A9216900F49C23 /* Release */ = {
			isa = XCBuildConfiguration;
			baseConfigurationReference = 12146830F1234AC7D79B3C0C /* Pods-Audioknigi.release.xcconfig */;
			buildSettings = {
				ASSETCATALOG_COMPILER_APPICON_NAME = AppIcon;
				CODE_SIGN_ENTITLEMENTS = Audioknigi/Audioknigi.entitlements;
				CODE_SIGN_STYLE = Automatic;
				DEVELOPMENT_TEAM = CVFSZXK7VF;
				INFOPLIST_FILE = Audioknigi/Info.plist;
				IPHONEOS_DEPLOYMENT_TARGET = 11.1;
				LD_RUNPATH_SEARCH_PATHS = (
					"$(inherited)",
					"@executable_path/Frameworks",
				);
				PRODUCT_BUNDLE_IDENTIFIER = moslienko.Audioknigi;
				PRODUCT_NAME = "$(TARGET_NAME)";
				SWIFT_VERSION = 4.2;
				TARGETED_DEVICE_FAMILY = "1,2";
			};
			name = Release;
		};
/* End XCBuildConfiguration section */

/* Begin XCConfigurationList section */
		956219CB21A9216700F49C23 /* Build configuration list for PBXProject "Audioknigi" */ = {
			isa = XCConfigurationList;
			buildConfigurations = (
				956219E321A9216900F49C23 /* Debug */,
				956219E421A9216900F49C23 /* Release */,
			);
			defaultConfigurationIsVisible = 0;
			defaultConfigurationName = Release;
		};
		956219E521A9216900F49C23 /* Build configuration list for PBXNativeTarget "Audioknigi" */ = {
			isa = XCConfigurationList;
			buildConfigurations = (
				956219E621A9216900F49C23 /* Debug */,
				956219E721A9216900F49C23 /* Release */,
			);
			defaultConfigurationIsVisible = 0;
			defaultConfigurationName = Release;
		};
/* End XCConfigurationList section */

/* Begin XCVersionGroup section */
		956219DA21A9216700F49C23 /* Audioknigi.xcdatamodeld */ = {
			isa = XCVersionGroup;
			children = (
				956219DB21A9216700F49C23 /* Audioknigi.xcdatamodel */,
			);
			currentVersion = 956219DB21A9216700F49C23 /* Audioknigi.xcdatamodel */;
			path = Audioknigi.xcdatamodeld;
			sourceTree = "<group>";
			versionGroupType = wrapper.xcdatamodel;
		};
/* End XCVersionGroup section */
	};
	rootObject = 956219C821A9216700F49C23 /* Project object */;
}
